#MicroXplorer Configuration settings - do not modify
ADC3.Channel-1\#ChannelRegularConversion=ADC_CHANNEL_4
ADC3.Channel-2\#ChannelRegularConversion=ADC_CHANNEL_5
ADC3.Channel-3\#ChannelRegularConversion=ADC_CHANNEL_6
ADC3.DMAContinuousRequests=ENABLE
ADC3.ExternalTrigConv=ADC_EXTERNALTRIGCONV_T2_CC4
ADC3.IPParameters=Rank-1\#ChannelRegularConversion,Channel-1\#ChannelRegularConversion,SamplingTime-1\#ChannelRegularConversion,NbrOfConversionFlag,ExternalTrigConv,Rank-2\#ChannelRegularConversion,Channel-2\#ChannelRegularConversion,SamplingTime-2\#ChannelRegularConversion,Rank-3\#ChannelRegularConversion,Channel-3\#ChannelRegularConversion,SamplingTime-3\#ChannelRegularConversion,NbrOfConversion,DMAContinuousRequests
ADC3.NbrOfConversion=3
ADC3.NbrOfConversionFlag=1
ADC3.Rank-1\#ChannelRegularConversion=1
ADC3.Rank-2\#ChannelRegularConversion=2
ADC3.Rank-3\#ChannelRegularConversion=3
ADC3.SamplingTime-1\#ChannelRegularConversion=ADC_SAMPLETIME_3CYCLES
ADC3.SamplingTime-2\#ChannelRegularConversion=ADC_SAMPLETIME_3CYCLES
ADC3.SamplingTime-3\#ChannelRegularConversion=ADC_SAMPLETIME_3CYCLES
Dma.ADC3.0.Direction=DMA_PERIPH_TO_MEMORY
Dma.ADC3.0.FIFOMode=DMA_FIFOMODE_DISABLE
Dma.ADC3.0.Instance=DMA2_Stream0
Dma.ADC3.0.MemDataAlignment=DMA_MDATAALIGN_WORD
Dma.ADC3.0.MemInc=DMA_MINC_ENABLE
Dma.ADC3.0.Mode=DMA_CIRCULAR
Dma.ADC3.0.PeriphDataAlignment=DMA_PDATAALIGN_WORD
Dma.ADC3.0.PeriphInc=DMA_PINC_DISABLE
Dma.ADC3.0.Priority=DMA_PRIORITY_LOW
Dma.ADC3.0.RequestParameters=Instance,Direction,PeriphInc,MemInc,PeriphDataAlignment,MemDataAlignment,Mode,Priority,FIFOMode
Dma.Request0=ADC3
Dma.RequestsNb=1
File.Version=6
GPIO.groupedBy=Group By Peripherals
KeepUserPlacement=false
Mcu.CPN=STM32F407IGH6
Mcu.Family=STM32F4
Mcu.IP0=ADC3
Mcu.IP1=DAC
Mcu.IP2=DMA
Mcu.IP3=NVIC
Mcu.IP4=RCC
Mcu.IP5=SYS
Mcu.IP6=TIM2
Mcu.IP7=TIM5
Mcu.IP8=TIM8
Mcu.IPNb=9
Mcu.Name=STM32F407I(E-G)Hx
Mcu.Package=UFBGA176
Mcu.Pin0=PA14
Mcu.Pin1=PA13
Mcu.Pin10=PH14
Mcu.Pin11=PH0-OSC_IN
Mcu.Pin12=PH1-OSC_OUT
Mcu.Pin13=PF7
Mcu.Pin14=PF6
Mcu.Pin15=PH12
Mcu.Pin16=PG3
Mcu.Pin17=PF8
Mcu.Pin18=PH11
Mcu.Pin19=PH10
Mcu.Pin2=PE6
Mcu.Pin20=PG2
Mcu.Pin21=PA0-WKUP
Mcu.Pin22=PA4
Mcu.Pin23=PA5
Mcu.Pin24=PE9
Mcu.Pin25=PA3
Mcu.Pin26=PE7
Mcu.Pin27=VP_SYS_VS_Systick
Mcu.Pin28=VP_TIM2_VS_ControllerModeTrigger
Mcu.Pin29=VP_TIM2_VS_ClockSourceITR
Mcu.Pin3=PI7
Mcu.Pin30=VP_TIM8_VS_ClockSourceINT
Mcu.Pin4=PI6
Mcu.Pin5=PI5
Mcu.Pin6=PI2
Mcu.Pin7=PC13-ANTI_TAMP
Mcu.Pin8=PH15
Mcu.Pin9=PH13
Mcu.PinsNb=31
Mcu.ThirdPartyNb=0
Mcu.UserConstants=
Mcu.UserName=STM32F407IGHx
MxCube.Version=6.6.1
MxDb.Version=DB.6.0.60
NVIC.ADC_IRQn=true\:1\:0\:true\:false\:true\:true\:true\:true
NVIC.BusFault_IRQn=true\:0\:0\:false\:false\:true\:false\:false\:false
NVIC.DMA2_Stream0_IRQn=true\:0\:0\:false\:false\:true\:false\:true\:true
NVIC.DebugMonitor_IRQn=true\:0\:0\:false\:false\:true\:false\:false\:false
NVIC.ForceEnableDMAVector=true
NVIC.HardFault_IRQn=true\:0\:0\:false\:false\:true\:false\:false\:false
NVIC.MemoryManagement_IRQn=true\:0\:0\:false\:false\:true\:false\:false\:false
NVIC.NonMaskableInt_IRQn=true\:0\:0\:false\:false\:true\:false\:false\:false
NVIC.PendSV_IRQn=true\:0\:0\:false\:false\:true\:false\:false\:false
NVIC.PriorityGroup=NVIC_PRIORITYGROUP_4
NVIC.SVCall_IRQn=true\:0\:0\:false\:false\:true\:false\:false\:false
NVIC.SysTick_IRQn=true\:15\:0\:false\:false\:true\:false\:true\:false
NVIC.TIM5_IRQn=true\:2\:0\:true\:false\:true\:true\:true\:true
NVIC.TIM8_UP_TIM13_IRQn=true\:0\:0\:false\:false\:true\:true\:true\:true
NVIC.UsageFault_IRQn=true\:0\:0\:false\:false\:true\:false\:false\:false
PA0-WKUP.GPIOParameters=GPIO_PuPd
PA0-WKUP.GPIO_PuPd=GPIO_PULLDOWN
PA0-WKUP.Locked=true
PA0-WKUP.Signal=GPIO_Input
PA13.Mode=Serial_Wire
PA13.Signal=SYS_JTMS-SWDIO
PA14.Mode=Serial_Wire
PA14.Signal=SYS_JTCK-SWCLK
PA3.Signal=S_TIM2_CH4
PA4.Signal=COMP_DAC1_group
PA5.Signal=COMP_DAC2_group
PC13-ANTI_TAMP.GPIOParameters=GPIO_PuPd
PC13-ANTI_TAMP.GPIO_PuPd=GPIO_PULLDOWN
PC13-ANTI_TAMP.Locked=true
PC13-ANTI_TAMP.Signal=GPIO_Input
PE6.Locked=true
PE6.Signal=GPIO_Output
PE7.Locked=true
PE7.Signal=GPIO_Output
PE9.Locked=true
PE9.Signal=GPIO_Output
PF6.Mode=IN4
PF6.Signal=ADC3_IN4
PF7.Mode=IN5
PF7.Signal=ADC3_IN5
PF8.Mode=IN6
PF8.Signal=ADC3_IN6
PG2.GPIOParameters=GPIO_PuPd
PG2.GPIO_PuPd=GPIO_PULLDOWN
PG2.Locked=true
PG2.Signal=GPIO_Input
PG3.GPIOParameters=GPIO_PuPd
PG3.GPIO_PuPd=GPIO_PULLDOWN
PG3.Locked=true
PG3.Signal=GPIO_Input
PH0-OSC_IN.Mode=HSE-External-Oscillator
PH0-OSC_IN.Signal=RCC_OSC_IN
PH1-OSC_OUT.Mode=HSE-External-Oscillator
PH1-OSC_OUT.Signal=RCC_OSC_OUT
PH10.Locked=true
PH10.Signal=S_TIM5_CH1
PH11.Locked=true
PH11.Signal=S_TIM5_CH2
PH12.Locked=true
PH12.Signal=S_TIM5_CH3
PH13.Mode=PWM Generation1 CH1 CH1N
PH13.Signal=TIM8_CH1N
PH14.Mode=PWM Generation2 CH2 CH2N
PH14.Signal=TIM8_CH2N
PH15.Mode=PWM Generation3 CH3 CH3N
PH15.Signal=TIM8_CH3N
PI2.Signal=S_TIM8_CH4
PI5.Signal=S_TIM8_CH1
PI6.Signal=S_TIM8_CH2
PI7.Signal=S_TIM8_CH3
PinOutPanel.CurrentBGAView=Top
PinOutPanel.RotationAngle=0
ProjectManager.AskForMigrate=true
ProjectManager.BackupPrevious=false
ProjectManager.CompilerOptimize=6
ProjectManager.ComputerToolchain=false
ProjectManager.CoupleFile=false
ProjectManager.CustomerFirmwarePackage=
ProjectManager.DefaultFWLocation=true
ProjectManager.DeletePrevious=true
ProjectManager.DeviceId=STM32F407IGHx
ProjectManager.FirmwarePackage=STM32Cube FW_F4 V1.27.1
ProjectManager.FreePins=false
ProjectManager.HalAssertFull=false
ProjectManager.HeapSize=0x200
ProjectManager.KeepUserCode=true
ProjectManager.LastFirmware=true
ProjectManager.LibraryCopy=1
ProjectManager.MainLocation=Core/Src
ProjectManager.NoMain=false
ProjectManager.PreviousToolchain=STM32CubeIDE
ProjectManager.ProjectBuild=false
ProjectManager.ProjectFileName=f407_try_DMA_ADC_timer_trigger.ioc
ProjectManager.ProjectName=f407_try_DMA_ADC_timer_trigger
ProjectManager.RegisterCallBack=
ProjectManager.StackSize=0x400
ProjectManager.TargetToolchain=MDK-ARM V5
ProjectManager.ToolChainLocation=
ProjectManager.UnderRoot=false
ProjectManager.functionlistsort=1-SystemClock_Config-RCC-false-HAL-false,2-MX_GPIO_Init-GPIO-false-HAL-true,3-MX_DMA_Init-DMA-false-HAL-true,4-MX_TIM8_Init-TIM8-false-HAL-true,5-MX_ADC3_Init-ADC3-false-HAL-true,6-MX_DAC_Init-DAC-false-HAL-true,7-MX_TIM2_Init-TIM2-false-HAL-true,8-MX_TIM5_Init-TIM5-false-HAL-true
RCC.48MHZClocksFreq_Value=40000000
RCC.AHBFreq_Value=80000000
RCC.APB1CLKDivider=RCC_HCLK_DIV2
RCC.APB1Freq_Value=40000000
RCC.APB1TimFreq_Value=80000000
RCC.APB2Freq_Value=80000000
RCC.APB2TimFreq_Value=80000000
RCC.CortexFreq_Value=80000000
RCC.EthernetFreq_Value=80000000
RCC.FCLKCortexFreq_Value=80000000
RCC.FamilyName=M
RCC.HCLKFreq_Value=80000000
RCC.HSE_VALUE=25000000
RCC.HSI_VALUE=16000000
RCC.I2SClocksFreq_Value=160000000
RCC.IPParameters=48MHZClocksFreq_Value,AHBFreq_Value,APB1CLKDivider,APB1Freq_Value,APB1TimFreq_Value,APB2Freq_Value,APB2TimFreq_Value,CortexFreq_Value,EthernetFreq_Value,FCLKCortexFreq_Value,FamilyName,HCLKFreq_Value,HSE_VALUE,HSI_VALUE,I2SClocksFreq_Value,LSE_VALUE,LSI_VALUE,MCO2PinFreq_Value,PLLCLKFreq_Value,PLLM,PLLN,PLLQCLKFreq_Value,PLLSourceVirtual,RTCFreq_Value,RTCHSEDivFreq_Value,SYSCLKFreq_VALUE,SYSCLKSource,VCOI2SOutputFreq_Value,VCOInputFreq_Value,VCOOutputFreq_Value,VcooutputI2S
RCC.LSE_VALUE=32768
RCC.LSI_VALUE=32000
RCC.MCO2PinFreq_Value=80000000
RCC.PLLCLKFreq_Value=80000000
RCC.PLLM=15
RCC.PLLN=96
RCC.PLLQCLKFreq_Value=40000000
RCC.PLLSourceVirtual=RCC_PLLSOURCE_HSE
RCC.RTCFreq_Value=32000
RCC.RTCHSEDivFreq_Value=12500000
RCC.SYSCLKFreq_VALUE=80000000
RCC.SYSCLKSource=RCC_SYSCLKSOURCE_PLLCLK
RCC.VCOI2SOutputFreq_Value=320000000
RCC.VCOInputFreq_Value=1666666.6666666667
RCC.VCOOutputFreq_Value=160000000
RCC.VcooutputI2S=160000000
SH.COMP_DAC1_group.0=DAC_OUT1,DAC_OUT1
SH.COMP_DAC1_group.ConfNb=1
SH.COMP_DAC2_group.0=DAC_OUT2,DAC_OUT2
SH.COMP_DAC2_group.ConfNb=1
SH.S_TIM2_CH4.0=TIM2_CH4,PWM Generation4 CH4
SH.S_TIM2_CH4.ConfNb=1
SH.S_TIM5_CH1.0=TIM5_CH1,Input_Capture1_from_TI1
SH.S_TIM5_CH1.ConfNb=1
SH.S_TIM5_CH2.0=TIM5_CH2,Input_Capture2_from_TI2
SH.S_TIM5_CH2.ConfNb=1
SH.S_TIM5_CH3.0=TIM5_CH3,Input_Capture3_from_TI3
SH.S_TIM5_CH3.ConfNb=1
SH.S_TIM8_CH1.0=TIM8_CH1,PWM Generation1 CH1 CH1N
SH.S_TIM8_CH1.ConfNb=1
SH.S_TIM8_CH2.0=TIM8_CH2,PWM Generation2 CH2 CH2N
SH.S_TIM8_CH2.ConfNb=1
SH.S_TIM8_CH3.0=TIM8_CH3,PWM Generation3 CH3 CH3N
SH.S_TIM8_CH3.ConfNb=1
SH.S_TIM8_CH4.0=TIM8_CH4,Output Compare4 CH4
SH.S_TIM8_CH4.ConfNb=1
TIM2.Channel-PWM\ Generation4\ CH4=TIM_CHANNEL_4
TIM2.CounterMode=TIM_COUNTERMODE_CENTERALIGNED1
TIM2.IPParameters=Prescaler,Period,Channel-PWM Generation4 CH4,OCMode_PWM-PWM Generation4 CH4,CounterMode
TIM2.OCMode_PWM-PWM\ Generation4\ CH4=TIM_OCMODE_PWM2
TIM2.Period=800
TIM2.Prescaler=9
TIM5.Channel-Input_Capture1_from_TI1=TIM_CHANNEL_1
TIM5.Channel-Input_Capture2_from_TI2=TIM_CHANNEL_2
TIM5.Channel-Input_Capture3_from_TI3=TIM_CHANNEL_3
TIM5.ICPolarity_CH1=TIM_INPUTCHANNELPOLARITY_RISING
TIM5.ICPolarity_CH2=TIM_INPUTCHANNELPOLARITY_RISING
TIM5.ICPolarity_CH3=TIM_INPUTCHANNELPOLARITY_RISING
TIM5.IPParameters=Channel-Input_Capture1_from_TI1,Channel-Input_Capture2_from_TI2,Channel-Input_Capture3_from_TI3,Prescaler,Period,ICPolarity_CH1,ICPolarity_CH2,ICPolarity_CH3
TIM5.Period=19999
TIM5.Prescaler=79
TIM8.AutomaticOutput=TIM_AUTOMATICOUTPUT_DISABLE
TIM8.BreakPolarity=TIM_BREAKPOLARITY_HIGH
TIM8.Channel-Output\ Compare4\ CH4=TIM_CHANNEL_4
TIM8.Channel-PWM\ Generation1\ CH1\ CH1N=TIM_CHANNEL_1
TIM8.Channel-PWM\ Generation2\ CH2\ CH2N=TIM_CHANNEL_2
TIM8.Channel-PWM\ Generation3\ CH3\ CH3N=TIM_CHANNEL_3
TIM8.CounterMode=TIM_COUNTERMODE_CENTERALIGNED1
TIM8.DeadTime=100
TIM8.IPParameters=Prescaler,Period,TIM_MasterOutputTrigger,CounterMode,TIM_MasterSlaveMode,Channel-Output Compare4 CH4,OCMode_4,Channel-PWM Generation1 CH1 CH1N,Channel-PWM Generation2 CH2 CH2N,Channel-PWM Generation3 CH3 CH3N,DeadTime,OCMode_PWM-PWM Generation1 CH1 CH1N,OCMode_PWM-PWM Generation2 CH2 CH2N,OCMode_PWM-PWM Generation3 CH3 CH3N,OCPolarity_3,OCNPolarity_3,OCPolarity_2,OCNPolarity_2,OCPolarity_1,OCNPolarity_1,BreakPolarity,AutomaticOutput,OffStateRunMode,OffStateIDLEMode,OCIdleState_1,OCNIdleState_1,OCIdleState_2,OCNIdleState_2,OCIdleState_3,OCNIdleState_3
TIM8.OCIdleState_1=TIM_OCIDLESTATE_RESET
TIM8.OCIdleState_2=TIM_OCIDLESTATE_RESET
TIM8.OCIdleState_3=TIM_OCIDLESTATE_RESET
TIM8.OCMode_4=TIM_OCMODE_ACTIVE
TIM8.OCMode_PWM-PWM\ Generation1\ CH1\ CH1N=TIM_OCMODE_PWM1
TIM8.OCMode_PWM-PWM\ Generation2\ CH2\ CH2N=TIM_OCMODE_PWM1
TIM8.OCMode_PWM-PWM\ Generation3\ CH3\ CH3N=TIM_OCMODE_PWM1
TIM8.OCNIdleState_1=TIM_OCNIDLESTATE_RESET
TIM8.OCNIdleState_2=TIM_OCNIDLESTATE_RESET
TIM8.OCNIdleState_3=TIM_OCNIDLESTATE_RESET
TIM8.OCNPolarity_1=TIM_OCNPOLARITY_HIGH
TIM8.OCNPolarity_2=TIM_OCNPOLARITY_HIGH
TIM8.OCNPolarity_3=TIM_OCNPOLARITY_HIGH
TIM8.OCPolarity_1=TIM_OCPOLARITY_HIGH
TIM8.OCPolarity_2=TIM_OCPOLARITY_HIGH
TIM8.OCPolarity_3=TIM_OCPOLARITY_HIGH
TIM8.OffStateIDLEMode=TIM_OSSI_DISABLE
TIM8.OffStateRunMode=TIM_OSSR_DISABLE
TIM8.Period=800
TIM8.Prescaler=9
TIM8.TIM_MasterOutputTrigger=TIM_TRGO_OC4REF
TIM8.TIM_MasterSlaveMode=TIM_MASTERSLAVEMODE_ENABLE
VP_SYS_VS_Systick.Mode=SysTick
VP_SYS_VS_Systick.Signal=SYS_VS_Systick
VP_TIM2_VS_ClockSourceITR.Mode=TriggerSource_ITR1
VP_TIM2_VS_ClockSourceITR.Signal=TIM2_VS_ClockSourceITR
VP_TIM2_VS_ControllerModeTrigger.Mode=Trigger Mode
VP_TIM2_VS_ControllerModeTrigger.Signal=TIM2_VS_ControllerModeTrigger
VP_TIM8_VS_ClockSourceINT.Mode=Internal
VP_TIM8_VS_ClockSourceINT.Signal=TIM8_VS_ClockSourceINT
board=custom
